// !$*UTF8*$!
{
	archiveVersion = 1;
	classes = {
	};
	objectVersion = 56;
	objects = {

/* Begin PBXBuildFile section */
		A1996F9E29D4744D00343C91 /* StackViewDemoApp.swift in Sources */ = {isa = PBXBuildFile; fileRef = A1996F9D29D4744D00343C91 /* StackViewDemoApp.swift */; };
		A1996FA029D4744D00343C91 /* ContentView.swift in Sources */ = {isa = PBXBuildFile; fileRef = A1996F9F29D4744D00343C91 /* ContentView.swift */; };
		A1996FA229D4744F00343C91 /* Assets.xcassets in Resources */ = {isa = PBXBuildFile; fileRef = A1996FA129D4744F00343C91 /* Assets.xcassets */; };
		A1996FA529D4744F00343C91 /* Preview Assets.xcassets in Resources */ = {isa = PBXBuildFile; fileRef = A1996FA429D4744F00343C91 /* Preview Assets.xcassets */; };
		A1996FAF29D4744F00343C91 /* StackViewDemoTests.swift in Sources */ = {isa = PBXBuildFile; fileRef = A1996FAE29D4744F00343C91 /* StackViewDemoTests.swift */; };
		A1996FB929D4744F00343C91 /* StackViewDemoUITests.swift in Sources */ = {isa = PBXBuildFile; fileRef = A1996FB829D4744F00343C91 /* StackViewDemoUITests.swift */; };
		A1996FBB29D4744F00343C91 /* StackViewDemoUITestsLaunchTests.swift in Sources */ = {isa = PBXBuildFile; fileRef = A1996FBA29D4744F00343C91 /* StackViewDemoUITestsLaunchTests.swift */; };
/* End PBXBuildFile section */

/* Begin PBXContainerItemProxy section */
		A1996FAB29D4744F00343C91 /* PBXContainerItemProxy */ = {
			isa = PBXContainerItemProxy;
			containerPortal = A1996F9229D4744D00343C91 /* Project object */;
			proxyType = 1;
			remoteGlobalIDString = A1996F9929D4744D00343C91;
			remoteInfo = StackViewDemo;
		};
		A1996FB529D4744F00343C91 /* PBXContainerItemProxy */ = {
			isa = PBXContainerItemProxy;
			containerPortal = A1996F9229D4744D00343C91 /* Project object */;
			proxyType = 1;
			remoteGlobalIDString = A1996F9929D4744D00343C91;
			remoteInfo = StackViewDemo;
		};
/* End PBXContainerItemProxy section */

/* Begin PBXFileReference section */
		A1996F9A29D4744D00343C91 /* StackViewDemo.app */ = {isa = PBXFileReference; explicitFileType = wrapper.application; includeInIndex = 0; path = StackViewDemo.app; sourceTree = BUILT_PRODUCTS_DIR; };
		A1996F9D29D4744D00343C91 /* StackViewDemoApp.swift */ = {isa = PBXFileReference; lastKnownFileType = sourcecode.swift; path = StackViewDemoApp.swift; sourceTree = "<group>"; };
		A1996F9F29D4744D00343C91 /* ContentView.swift */ = {isa = PBXFileReference; lastKnownFileType = sourcecode.swift; path = ContentView.swift; sourceTree = "<group>"; };
		A1996FA129D4744F00343C91 /* Assets.xcassets */ = {isa = PBXFileReference; lastKnownFileType = folder.assetcatalog; path = Assets.xcassets; sourceTree = "<group>"; };
		A1996FA429D4744F00343C91 /* Preview Assets.xcassets */ = {isa = PBXFileReference; lastKnownFileType = folder.assetcatalog; path = "Preview Assets.xcassets"; sourceTree = "<group>"; };
		A1996FAA29D4744F00343C91 /* StackViewDemoTests.xctest */ = {isa = PBXFileReference; explicitFileType = wrapper.cfbundle; includeInIndex = 0; path = StackViewDemoTests.xctest; sourceTree = BUILT_PRODUCTS_DIR; };
		A1996FAE29D4744F00343C91 /* StackViewDemoTests.swift */ = {isa = PBXFileReference; lastKnownFileType = sourcecode.swift; path = StackViewDemoTests.swift; sourceTree = "<group>"; };
		A1996FB429D4744F00343C91 /* StackViewDemoUITests.xctest */ = {isa = PBXFileReference; explicitFileType = wrapper.cfbundle; includeInIndex = 0; path = StackViewDemoUITests.xctest; sourceTree = BUILT_PRODUCTS_DIR; };
		A1996FB829D4744F00343C91 /* StackViewDemoUITests.swift */ = {isa = PBXFileReference; lastKnownFileType = sourcecode.swift; path = StackViewDemoUITests.swift; sourceTree = "<group>"; };
		A1996FBA29D4744F00343C91 /* StackViewDemoUITestsLaunchTests.swift */ = {isa = PBXFileReference; lastKnownFileType = sourcecode.swift; path = StackViewDemoUITestsLaunchTests.swift; sourceTree = "<group>"; };
/* End PBXFileReference section */

/* Begin PBXFrameworksBuildPhase section */
		A1996F9729D4744D00343C91 /* Frameworks */ = {
			isa = PBXFrameworksBuildPhase;
			buildActionMask = 2147483647;
			files = (
			);
			runOnlyForDeploymentPostprocessing = 0;
		};
		A1996FA729D4744F00343C91 /* Frameworks */ = {
			isa = PBXFrameworksBuildPhase;
			buildActionMask = 2147483647;
			files = (
			);
			runOnlyForDeploymentPostprocessing = 0;
		};
		A1996FB129D4744F00343C91 /* Frameworks */ = {
			isa = PBXFrameworksBuildPhase;
			buildActionMask = 2147483647;
			files = (
			);
			runOnlyForDeploymentPostprocessing = 0;
		};
/* End PBXFrameworksBuildPhase section */

/* Begin PBXGroup section */
		A1996F9129D4744D00343C91 = {
			isa = PBXGroup;
			children = (
				A1996F9C29D4744D00343C91 /* StackViewDemo */,
				A1996FAD29D4744F00343C91 /* StackViewDemoTests */,
				A1996FB729D4744F00343C91 /* StackViewDemoUITests */,
				A1996F9B29D4744D00343C91 /* Products */,
			);
			sourceTree = "<group>";
		};
		A1996F9B29D4744D00343C91 /* Products */ = {
			isa = PBXGroup;
			children = (
				A1996F9A29D4744D00343C91 /* StackViewDemo.app */,
				A1996FAA29D4744F00343C91 /* StackViewDemoTests.xctest */,
				A1996FB429D4744F00343C91 /* StackViewDemoUITests.xctest */,
			);
			name = Products;
			sourceTree = "<group>";
		};
		A1996F9C29D4744D00343C91 /* StackViewDemo */ = {
			isa = PBXGroup;
			children = (
				A1996F9D29D4744D00343C91 /* StackViewDemoApp.swift */,
				A1996F9F29D4744D00343C91 /* ContentView.swift */,
				A1996FA129D4744F00343C91 /* Assets.xcassets */,
				A1996FA329D4744F00343C91 /* Preview Content */,
			);
			path = StackViewDemo;
			sourceTree = "<group>";
		};
		A1996FA329D4744F00343C91 /* Preview Content */ = {
			isa = PBXGroup;
			children = (
				A1996FA429D4744F00343C91 /* Preview Assets.xcassets */,
			);
			path = "Preview Content";
			sourceTree = "<group>";
		};
		A1996FAD29D4744F00343C91 /* StackViewDemoTests */ = {
			isa = PBXGroup;
			children = (
				A1996FAE29D4744F00343C91 /* StackViewDemoTests.swift */,
			);
			path = StackViewDemoTests;
			sourceTree = "<group>";
		};
		A1996FB729D4744F00343C91 /* StackViewDemoUITests */ = {
			isa = PBXGroup;
			children = (
				A1996FB829D4744F00343C91 /* StackViewDemoUITests.swift */,
				A1996FBA29D4744F00343C91 /* StackViewDemoUITestsLaunchTests.swift */,
			);
			path = StackViewDemoUITests;
			sourceTree = "<group>";
		};
/* End PBXGroup section */

/* Begin PBXNativeTarget section */
		A1996F9929D4744D00343C91 /* StackViewDemo */ = {
			isa = PBXNativeTarget;
			buildConfigurationList = A1996FBE29D4744F00343C91 /* Build configuration list for PBXNativeTarget "StackViewDemo" */;
			buildPhases = (
				A1996F9629D4744D00343C91 /* Sources */,
				A1996F9729D4744D00343C91 /* Frameworks */,
				A1996F9829D4744D00343C91 /* Resources */,
			);
			buildRules = (
			);
			dependencies = (
			);
			name = StackViewDemo;
			productName = StackViewDemo;
			productReference = A1996F9A29D4744D00343C91 /* StackViewDemo.app */;
			productType = "com.apple.product-type.application";
		};
		A1996FA929D4744F00343C91 /* StackViewDemoTests */ = {
			isa = PBXNativeTarget;
			buildConfigurationList = A1996FC129D4744F00343C91 /* Build configuration list for PBXNativeTarget "StackViewDemoTests" */;
			buildPhases = (
				A1996FA629D4744F00343C91 /* Sources */,
				A1996FA729D4744F00343C91 /* Frameworks */,
				A1996FA829D4744F00343C91 /* Resources */,
			);
			buildRules = (
			);
			dependencies = (
				A1996FAC29D4744F00343C91 /* PBXTargetDependency */,
			);
			name = StackViewDemoTests;
			productName = StackViewDemoTests;
			productReference = A1996FAA29D4744F00343C91 /* StackViewDemoTests.xctest */;
			productType = "com.apple.product-type.bundle.unit-test";
		};
		A1996FB329D4744F00343C91 /* StackViewDemoUITests */ = {
			isa = PBXNativeTarget;
			buildConfigurationList = A1996FC429D4744F00343C91 /* Build configuration list for PBXNativeTarget "StackViewDemoUITests" */;
			buildPhases = (
				A1996FB029D4744F00343C91 /* Sources */,
				A1996FB129D4744F00343C91 /* Frameworks */,
				A1996FB229D4744F00343C91 /* Resources */,
			);
			buildRules = (
			);
			dependencies = (
				A1996FB629D4744F00343C91 /* PBXTargetDependency */,
			);
			name = StackViewDemoUITests;
			productName = StackViewDemoUITests;
			productReference = A1996FB429D4744F00343C91 /* StackViewDemoUITests.xctest */;
			productType = "com.apple.product-type.bundle.ui-testing";
		};
/* End PBXNativeTarget section */

/* Begin PBXProject section */
		A1996F9229D4744D00343C91 /* Project object */ = {
			isa = PBXProject;
			attributes = {
				BuildIndependentTargetsInParallel = 1;
				LastSwiftUpdateCheck = 1420;
				LastUpgradeCheck = 1420;
				TargetAttributes = {
					A1996F9929D4744D00343C91 = {
						CreatedOnToolsVersion = 14.2;
					};
					A1996FA929D4744F00343C91 = {
						CreatedOnToolsVersion = 14.2;
						TestTargetID = A1996F9929D4744D00343C91;
					};
					A1996FB329D4744F00343C91 = {
						CreatedOnToolsVersion = 14.2;
						TestTargetID = A1996F9929D4744D00343C91;
					};
				};
			};
			buildConfigurationList = A1996F9529D4744D00343C91 /* Build configuration list for PBXProject "StackViewDemo" */;
			compatibilityVersion = "Xcode 14.0";
			developmentRegion = en;
			hasScannedForEncodings = 0;
			knownRegions = (
				en,
				Base,
			);
			mainGroup = A1996F9129D4744D00343C91;
			productRefGroup = A1996F9B29D4744D00343C91 /* Products */;
			projectDirPath = "";
			projectRoot = "";
			targets = (
				A1996F9929D4744D00343C91 /* StackViewDemo */,
				A1996FA929D4744F00343C91 /* StackViewDemoTests */,
				A1996FB329D4744F00343C91 /* StackViewDemoUITests */,
			);
		};
/* End PBXProject section */

/* Begin PBXResourcesBuildPhase section */
		A1996F9829D4744D00343C91 /* Resources */ = {
			isa = PBXResourcesBuildPhase;
			buildActionMask = 2147483647;
			files = (
				A1996FA529D4744F00343C91 /* Preview Assets.xcassets in Resources */,
				A1996FA229D4744F00343C91 /* Assets.xcassets in Resources */,
			);
			runOnlyForDeploymentPostprocessing = 0;
		};
		A1996FA829D4744F00343C91 /* Resources */ = {
			isa = PBXResourcesBuildPhase;
			buildActionMask = 2147483647;
			files = (
			);
			runOnlyForDeploymentPostprocessing = 0;
		};
		A1996FB229D4744F00343C91 /* Resources */ = {
			isa = PBXResourcesBuildPhase;
			buildActionMask = 2147483647;
			files = (
			);
			runOnlyForDeploymentPostprocessing = 0;
		};
/* End PBXResourcesBuildPhase section */

/* Begin PBXSourcesBuildPhase section */
		A1996F9629D4744D00343C91 /* Sources */ = {
			isa = PBXSourcesBuildPhase;
			buildActionMask = 2147483647;
			files = (
				A1996FA029D4744D00343C91 /* ContentView.swift in Sources */,
				A1996F9E29D4744D00343C91 /* StackViewDemoApp.swift in Sources */,
			);
			runOnlyForDeploymentPostprocessing = 0;
		};
		A1996FA629D4744F00343C91 /* Sources */ = {
			isa = PBXSourcesBuildPhase;
			buildActionMask = 2147483647;
			files = (
				A1996FAF29D4744F00343C91 /* StackViewDemoTests.swift in Sources */,
			);
			runOnlyForDeploymentPostprocessing = 0;
		};
		A1996FB029D4744F00343C91 /* Sources */ = {
			isa = PBXSourcesBuildPhase;
			buildActionMask = 2147483647;
			files = (
				A1996FB929D4744F00343C91 /* StackViewDemoUITests.swift in Sources */,
				A1996FBB29D4744F00343C91 /* StackViewDemoUITestsLaunchTests.swift in Sources */,
			);
			runOnlyForDeploymentPostprocessing = 0;
		};
/* End PBXSourcesBuildPhase section */

/* Begin PBXTargetDependency section */
		A1996FAC29D4744F00343C91 /* PBXTargetDependency */ = {
			isa = PBXTargetDependency;
			target = A1996F9929D4744D00343C91 /* StackViewDemo */;
			targetProxy = A1996FAB29D4744F00343C91 /* PBXContainerItemProxy */;
		};
		A1996FB629D4744F00343C91 /* PBXTargetDependency */ = {
			isa = PBXTargetDependency;
			target = A1996F9929D4744D00343C91 /* StackViewDemo */;
			targetProxy = A1996FB529D4744F00343C91 /* PBXContainerItemProxy */;
		};
/* End PBXTargetDependency section */

/* Begin XCBuildConfiguration section */
		A1996FBC29D4744F00343C91 /* Debug */ = {
			isa = XCBuildConfiguration;
			buildSettings = {
				ALWAYS_SEARCH_USER_PATHS = NO;
				CLANG_ANALYZER_NONNULL = YES;
				CLANG_ANALYZER_NUMBER_OBJECT_CONVERSION = YES_AGGRESSIVE;
				CLANG_CXX_LANGUAGE_STANDARD = "gnu++20";
				CLANG_ENABLE_MODULES = YES;
				CLANG_ENABLE_OBJC_ARC = YES;
				CLANG_ENABLE_OBJC_WEAK = YES;
				CLANG_WARN_BLOCK_CAPTURE_AUTORELEASING = YES;
				CLANG_WARN_BOOL_CONVERSION = YES;
				CLANG_WARN_COMMA = YES;
				CLANG_WARN_CONSTANT_CONVERSION = YES;
				CLANG_WARN_DEPRECATED_OBJC_IMPLEMENTATIONS = YES;
				CLANG_WARN_DIRECT_OBJC_ISA_USAGE = YES_ERROR;
				CLANG_WARN_DOCUMENTATION_COMMENTS = YES;
				CLANG_WARN_EMPTY_BODY = YES;
				CLANG_WARN_ENUM_CONVERSION = YES;
				CLANG_WARN_INFINITE_RECURSION = YES;
				CLANG_WARN_INT_CONVERSION = YES;
				CLANG_WARN_NON_LITERAL_NULL_CONVERSION = YES;
				CLANG_WARN_OBJC_IMPLICIT_RETAIN_SELF = YES;
				CLANG_WARN_OBJC_LITERAL_CONVERSION = YES;
				CLANG_WARN_OBJC_ROOT_CLASS = YES_ERROR;
				CLANG_WARN_QUOTED_INCLUDE_IN_FRAMEWORK_HEADER = YES;
				CLANG_WARN_RANGE_LOOP_ANALYSIS = YES;
				CLANG_WARN_STRICT_PROTOTYPES = YES;
				CLANG_WARN_SUSPICIOUS_MOVE = YES;
				CLANG_WARN_UNGUARDED_AVAILABILITY = YES_AGGRESSIVE;
				CLANG_WARN_UNREACHABLE_CODE = YES;
				CLANG_WARN__DUPLICATE_METHOD_MATCH = YES;
				COPY_PHASE_STRIP = NO;
				DEBUG_INFORMATION_FORMAT = dwarf;
				ENABLE_STRICT_OBJC_MSGSEND = YES;
				ENABLE_TESTABILITY = YES;
				GCC_C_LANGUAGE_STANDARD = gnu11;
				GCC_DYNAMIC_NO_PIC = NO;
				GCC_NO_COMMON_BLOCKS = YES;
				GCC_OPTIMIZATION_LEVEL = 0;
				GCC_PREPROCESSOR_DEFINITIONS = (
					"DEBUG=1",
					"$(inherited)",
				);
				GCC_WARN_64_TO_32_BIT_CONVERSION = YES;
				GCC_WARN_ABOUT_RETURN_TYPE = YES_ERROR;
				GCC_WARN_UNDECLARED_SELECTOR = YES;
				GCC_WARN_UNINITIALIZED_AUTOS = YES_AGGRESSIVE;
				GCC_WARN_UNUSED_FUNCTION = YES;
				GCC_WARN_UNUSED_VARIABLE = YES;
				IPHONEOS_DEPLOYMENT_TARGET = 16.2;
				MTL_ENABLE_DEBUG_INFO = INCLUDE_SOURCE;
				MTL_FAST_MATH = YES;
				ONLY_ACTIVE_ARCH = YES;
				SDKROOT = iphoneos;
				SWIFT_ACTIVE_COMPILATION_CONDITIONS = DEBUG;
				SWIFT_OPTIMIZATION_LEVEL = "-Onone";
			};
			name = Debug;
		};
		A1996FBD29D4744F00343C91 /* Release */ = {
			isa = XCBuildConfiguration;
			buildSettings = {
				ALWAYS_SEARCH_USER_PATHS = NO;
				CLANG_ANALYZER_NONNULL = YES;
				CLANG_ANALYZER_NUMBER_OBJECT_CONVERSION = YES_AGGRESSIVE;
				CLANG_CXX_LANGUAGE_STANDARD = "gnu++20";
				CLANG_ENABLE_MODULES = YES;
				CLANG_ENABLE_OBJC_ARC = YES;
				CLANG_ENABLE_OBJC_WEAK = YES;
				CLANG_WARN_BLOCK_CAPTURE_AUTORELEASING = YES;
				CLANG_WARN_BOOL_CONVERSION = YES;
				CLANG_WARN_COMMA = YES;
				CLANG_WARN_CONSTANT_CONVERSION = YES;
				CLANG_WARN_DEPRECATED_OBJC_IMPLEMENTATIONS = YES;
				CLANG_WARN_DIRECT_OBJC_ISA_USAGE = YES_ERROR;
				CLANG_WARN_DOCUMENTATION_COMMENTS = YES;
				CLANG_WARN_EMPTY_BODY = YES;
				CLANG_WARN_ENUM_CONVERSION = YES;
				CLANG_WARN_INFINITE_RECURSION = YES;
				CLANG_WARN_INT_CONVERSION = YES;
				CLANG_WARN_NON_LITERAL_NULL_CONVERSION = YES;
				CLANG_WARN_OBJC_IMPLICIT_RETAIN_SELF = YES;
				CLANG_WARN_OBJC_LITERAL_CONVERSION = YES;
				CLANG_WARN_OBJC_ROOT_CLASS = YES_ERROR;
				CLANG_WARN_QUOTED_INCLUDE_IN_FRAMEWORK_HEADER = YES;
				CLANG_WARN_RANGE_LOOP_ANALYSIS = YES;
				CLANG_WARN_STRICT_PROTOTYPES = YES;
				CLANG_WARN_SUSPICIOUS_MOVE = YES;
				CLANG_WARN_UNGUARDED_AVAILABILITY = YES_AGGRESSIVE;
				CLANG_WARN_UNREACHABLE_CODE = YES;
				CLANG_WARN__DUPLICATE_METHOD_MATCH = YES;
				COPY_PHASE_STRIP = NO;
				DEBUG_INFORMATION_FORMAT = "dwarf-with-dsym";
				ENABLE_NS_ASSERTIONS = NO;
				ENABLE_STRICT_OBJC_MSGSEND = YES;
				GCC_C_LANGUAGE_STANDARD = gnu11;
				GCC_NO_COMMON_BLOCKS = YES;
				GCC_WARN_64_TO_32_BIT_CONVERSION = YES;
				GCC_WARN_ABOUT_RETURN_TYPE = YES_ERROR;
				GCC_WARN_UNDECLARED_SELECTOR = YES;
				GCC_WARN_UNINITIALIZED_AUTOS = YES_AGGRESSIVE;
				GCC_WARN_UNUSED_FUNCTION = YES;
				GCC_WARN_UNUSED_VARIABLE = YES;
				IPHONEOS_DEPLOYMENT_TARGET = 16.2;
				MTL_ENABLE_DEBUG_INFO = NO;
				MTL_FAST_MATH = YES;
				SDKROOT = iphoneos;
				SWIFT_COMPILATION_MODE = wholemodule;
				SWIFT_OPTIMIZATION_LEVEL = "-O";
				VALIDATE_PRODUCT = YES;
			};
			name = Release;
		};
		A1996FBF29D4744F00343C91 /* Debug */ = {
			isa = XCBuildConfiguration;
			buildSettings = {
				ASSETCATALOG_COMPILER_APPICON_NAME = AppIcon;
				ASSETCATALOG_COMPILER_GLOBAL_ACCENT_COLOR_NAME = AccentColor;
				CODE_SIGN_STYLE = Automatic;
				CURRENT_PROJECT_VERSION = 1;
				DEVELOPMENT_ASSET_PATHS = "\"StackViewDemo/Preview Content\"";
				ENABLE_PREVIEWS = YES;
				GENERATE_INFOPLIST_FILE = YES;
				INFOPLIST_KEY_UIApplicationSceneManifest_Generation = YES;
				INFOPLIST_KEY_UIApplicationSupportsIndirectInputEvents = YES;
				INFOPLIST_KEY_UILaunchScreen_Generation = YES;
				INFOPLIST_KEY_UISupportedInterfaceOrientations_iPad = "UIInterfaceOrientationPortrait UIInterfaceOrientationPortraitUpsideDown UIInterfaceOrientationLandscapeLeft UIInterfaceOrientationLandscapeRight";
				INFOPLIST_KEY_UISupportedInterfaceOrientations_iPhone = "UIInterfaceOrientationPortrait UIInterfaceOrientationLandscapeLeft UIInterfaceOrientationLandscapeRight";
				LD_RUNPATH_SEARCH_PATHS = (
					"$(inherited)",
					"@executable_path/Frameworks",
				);
				MARKETING_VERSION = 1.0;
				PRODUCT_BUNDLE_IDENTIFIER = pl.edu.pwr.StackViewDemo;
				PRODUCT_NAME = "$(TARGET_NAME)";
				SWIFT_EMIT_LOC_STRINGS = YES;
				SWIFT_VERSION = 5.0;
				TARGETED_DEVICE_FAMILY = "1,2";
			};
			name = Debug;
		};
		A1996FC029D4744F00343C91 /* Release */ = {
			isa = XCBuildConfiguration;
			buildSettings = {
				ASSETCATALOG_COMPILER_APPICON_NAME = AppIcon;
				ASSETCATALOG_COMPILER_GLOBAL_ACCENT_COLOR_NAME = AccentColor;
				CODE_SIGN_STYLE = Automatic;
				CURRENT_PROJECT_VERSION = 1;
				DEVELOPMENT_ASSET_PATHS = "\"StackViewDemo/Preview Content\"";
				ENABLE_PREVIEWS = YES;
				GENERATE_INFOPLIST_FILE = YES;
				INFOPLIST_KEY_UIApplicationSceneManifest_Generation = YES;
				INFOPLIST_KEY_UIApplicationSupportsIndirectInputEvents = YES;
				INFOPLIST_KEY_UILaunchScreen_Generation = YES;
				INFOPLIST_KEY_UISupportedInterfaceOrientations_iPad = "UIInterfaceOrientationPortrait UIInterfaceOrientationPortraitUpsideDown UIInterfaceOrientationLandscapeLeft UIInterfaceOrientationLandscapeRight";
				INFOPLIST_KEY_UISupportedInterfaceOrientations_iPhone = "UIInterfaceOrientationPortrait UIInterfaceOrientationLandscapeLeft UIInterfaceOrientationLandscapeRight";
				LD_RUNPATH_SEARCH_PATHS = (
					"$(inherited)",
					"@executable_path/Frameworks",
				);
				MARKETING_VERSION = 1.0;
				PRODUCT_BUNDLE_IDENTIFIER = pl.edu.pwr.StackViewDemo;
				PRODUCT_NAME = "$(TARGET_NAME)";
				SWIFT_EMIT_LOC_STRINGS = YES;
				SWIFT_VERSION = 5.0;
				TARGETED_DEVICE_FAMILY = "1,2";
			};
			name = Release;
		};
		A1996FC229D4744F00343C91 /* Debug */ = {
			isa = XCBuildConfiguration;
			buildSettings = {
				ALWAYS_EMBED_SWIFT_STANDARD_LIBRARIES = YES;
				BUNDLE_LOADER = "$(TEST_HOST)";
				CODE_SIGN_STYLE = Automatic;
				CURRENT_PROJECT_VERSION = 1;
				GENERATE_INFOPLIST_FILE = YES;
				IPHONEOS_DEPLOYMENT_TARGET = 16.2;
				MARKETING_VERSION = 1.0;
				PRODUCT_BUNDLE_IDENTIFIER = pl.edu.pwr.StackViewDemoTests;
				PRODUCT_NAME = "$(TARGET_NAME)";
				SWIFT_EMIT_LOC_STRINGS = NO;
				SWIFT_VERSION = 5.0;
				TARGETED_DEVICE_FAMILY = "1,2";
				TEST_HOST = "$(BUILT_PRODUCTS_DIR)/StackViewDemo.app/$(BUNDLE_EXECUTABLE_FOLDER_PATH)/StackViewDemo";
			};
			name = Debug;
		};
		A1996FC329D4744F00343C91 /* Release */ = {
			isa = XCBuildConfiguration;
			buildSettings = {
				ALWAYS_EMBED_SWIFT_STANDARD_LIBRARIES = YES;
				BUNDLE_LOADER = "$(TEST_HOST)";
				CODE_SIGN_STYLE = Automatic;
				CURRENT_PROJECT_VERSION = 1;
				GENERATE_INFOPLIST_FILE = YES;
				IPHONEOS_DEPLOYMENT_TARGET = 16.2;
				MARKETING_VERSION = 1.0;
				PRODUCT_BUNDLE_IDENTIFIER = pl.edu.pwr.StackViewDemoTests;
				PRODUCT_NAME = "$(TARGET_NAME)";
				SWIFT_EMIT_LOC_STRINGS = NO;
				SWIFT_VERSION = 5.0;
				TARGETED_DEVICE_FAMILY = "1,2";
				TEST_HOST = "$(BUILT_PRODUCTS_DIR)/StackViewDemo.app/$(BUNDLE_EXECUTABLE_FOLDER_PATH)/StackViewDemo";
			};
			name = Release;
		};
		A1996FC529D4744F00343C91 /* Debug */ = {
			isa = XCBuildConfiguration;
			buildSettings = {
				ALWAYS_EMBED_SWIFT_STANDARD_LIBRARIES = YES;
				CODE_SIGN_STYLE = Automatic;
				CURRENT_PROJECT_VERSION = 1;
				GENERATE_INFOPLIST_FILE = YES;
				MARKETING_VERSION = 1.0;
				PRODUCT_BUNDLE_IDENTIFIER = pl.edu.pwr.StackViewDemoUITests;
				PRODUCT_NAME = "$(TARGET_NAME)";
				SWIFT_EMIT_LOC_STRINGS = NO;
				SWIFT_VERSION = 5.0;
				TARGETED_DEVICE_FAMILY = "1,2";
				TEST_TARGET_NAME = StackViewDemo;
			};
			name = Debug;
		};
		A1996FC629D4744F00343C91 /* Release */ = {
			isa = XCBuildConfiguration;
			buildSettings = {
				ALWAYS_EMBED_SWIFT_STANDARD_LIBRARIES = YES;
				CODE_SIGN_STYLE = Automatic;
				CURRENT_PROJECT_VERSION = 1;
				GENERATE_INFOPLIST_FILE = YES;
				MARKETING_VERSION = 1.0;
				PRODUCT_BUNDLE_IDENTIFIER = pl.edu.pwr.StackViewDemoUITests;
				PRODUCT_NAME = "$(TARGET_NAME)";
				SWIFT_EMIT_LOC_STRINGS = NO;
				SWIFT_VERSION = 5.0;
				TARGETED_DEVICE_FAMILY = "1,2";
				TEST_TARGET_NAME = StackViewDemo;
			};
			name = Release;
		};
/* End XCBuildConfiguration section */

/* Begin XCConfigurationList section */
		A1996F9529D4744D00343C91 /* Build configuration list for PBXProject "StackViewDemo" */ = {
			isa = XCConfigurationList;
			buildConfigurations = (
				A1996FBC29D4744F00343C91 /* Debug */,
				A1996FBD29D4744F00343C91 /* Release */,
			);
			defaultConfigurationIsVisible = 0;
			defaultConfigurationName = Release;
		};
		A1996FBE29D4744F00343C91 /* Build configuration list for PBXNativeTarget "StackViewDemo" */ = {
			isa = XCConfigurationList;
			buildConfigurations = (
				A1996FBF29D4744F00343C91 /* Debug */,
				A1996FC029D4744F00343C91 /* Release */,
			);
			defaultConfigurationIsVisible = 0;
			defaultConfigurationName = Release;
		};
		A1996FC129D4744F00343C91 /* Build configuration list for PBXNativeTarget "StackViewDemoTests" */ = {
			isa = XCConfigurationList;
			buildConfigurations = (
				A1996FC229D4744F00343C91 /* Debug */,
				A1996FC329D4744F00343C91 /* Release */,
			);
			defaultConfigurationIsVisible = 0;
			defaultConfigurationName = Release;
		};
		A1996FC429D4744F00343C91 /* Build configuration list for PBXNativeTarget "StackViewDemoUITests" */ = {
			isa = XCConfigurationList;
			buildConfigurations = (
				A1996FC529D4744F00343C91 /* Debug */,
				A1996FC629D4744F00343C91 /* Release */,
			);
			defaultConfigurationIsVisible = 0;
			defaultConfigurationName = Release;
		};
/* End XCConfigurationList section */
	};
	rootObject = A1996F9229D4744D00343C91 /* Project object */;
}
